
Microsoft Visual Studio Solution File, Format Version 12.00
# Visual Studio Version 17
VisualStudioVersion = 17.2.32526.322
MinimumVisualStudioVersion = 10.0.40219.1
Project("{FAE04EC0-301F-11D3-BF4B-00C04F79EFBC}") = "ADO3", "ADO3\ADO3.csproj", "{CBB26D70-2BE9-437B-8B3B-5C7D2A83779D}"
EndProject
Global
	GlobalSection(SolutionConfigurationPlatforms) = preSolution
		Debug|Any CPU = Debug|Any CPU
		Release|Any CPU = Release|Any CPU
	EndGlobalSection
	GlobalSection(ProjectConfigurationPlatforms) = postSolution
		{CBB26D70-2BE9-437B-8B3B-5C7D2A83779D}.Debug|Any CPU.ActiveCfg = Debug|Any CPU
		{CBB26D70-2BE9-437B-8B3B-5C7D2A83779D}.Debug|Any CPU.Build.0 = Debug|Any CPU
		{CBB26D70-2BE9-437B-8B3B-5C7D2A83779D}.Release|Any CPU.ActiveCfg = Release|Any CPU
		{CBB26D70-2BE9-437B-8B3B-5C7D2A83779D}.Release|Any CPU.Build.0 = Release|Any CPU
	EndGlobalSection
	GlobalSection(SolutionProperties) = preSolution
		HideSolutionNode = FALSE
	EndGlobalSection
	GlobalSection(ExtensibilityGlobals) = postSolution
		SolutionGuid = {53BBC8AE-7216-40E8-9D7F-14564EECCCA0}
	EndGlobalSection
EndGlobal
